# This file is generated by running "yarn install" inside your project.
# Manual changes might be lost - proceed with caution!

__metadata:
  version: 6
  cacheKey: 8

"@babel/runtime@npm:^7.11.2, @babel/runtime@npm:^7.16.7, @babel/runtime@npm:^7.17.8":
  version: 7.21.0
  resolution: "@babel/runtime@npm:7.21.0"
  dependencies:
    regenerator-runtime: ^0.13.11
  checksum: 7b33e25bfa9e0e1b9e8828bb61b2d32bdd46b41b07ba7cb43319ad08efc6fda8eb89445193e67d6541814627df0ca59122c0ea795e412b99c5183a0540d338ab
  languageName: node
  linkType: hard

"@chevrotain/cst-dts-gen@npm:10.4.2":
  version: 10.4.2
  resolution: "@chevrotain/cst-dts-gen@npm:10.4.2"
  dependencies:
    "@chevrotain/gast": 10.4.2
    "@chevrotain/types": 10.4.2
    lodash: 4.17.21
  checksum: ed33b6419c184b3c638dc44a3348be3483e481b307f7d2df7fcd9f934b2cc47bd305db6ebf9e9869d0a385aa332b4d652fa101ce995863ae6ec78e80acc4562e
  languageName: node
  linkType: hard

"@chevrotain/gast@npm:10.4.2":
  version: 10.4.2
  resolution: "@chevrotain/gast@npm:10.4.2"
  dependencies:
    "@chevrotain/types": 10.4.2
    lodash: 4.17.21
  checksum: 7ec8439c7e245f6a302eb013e2bf74824f5d11993fe86381c5e52b19853337b9212e545cbb53c8c40aca8d88e01b07449785785c3a371cb1a0d8c2303aa2448b
  languageName: node
  linkType: hard

"@chevrotain/types@npm:10.4.2":
  version: 10.4.2
  resolution: "@chevrotain/types@npm:10.4.2"
  checksum: 05d63433469ed8faf96c095dc145231fee18dc30873702653e08f6524502c5710cef69f788fce06f8ea6ecc8d52e1ef52b89db345d0fbd1cef4cb07e8bfe3f14
  languageName: node
  linkType: hard

"@chevrotain/utils@npm:10.4.2":
  version: 10.4.2
  resolution: "@chevrotain/utils@npm:10.4.2"
  checksum: b61f2b2408d930349e3049a384e0247534a27a4b317385dd8e72feed55a35edb20c9e26667d97a3c39d7290d75598b3e4b9dba01f78f982ef8cdcbbe14f6031c
  languageName: node
  linkType: hard

"@next/env@npm:13.2.3":
  version: 13.2.3
  resolution: "@next/env@npm:13.2.3"
  checksum: e3d59b888c0e57ead895ec0c96ce92b6929684a1af8b3435e0142d21e6af21b1193f421f9d6b9b36ce7711a0379fb85033e25670fef3ba9c923cc77752be6c10
  languageName: node
  linkType: hard

"@next/swc-android-arm-eabi@npm:13.2.3":
  version: 13.2.3
  resolution: "@next/swc-android-arm-eabi@npm:13.2.3"
  conditions: os=android & cpu=arm
  languageName: node
  linkType: hard

"@next/swc-android-arm64@npm:13.2.3":
  version: 13.2.3
  resolution: "@next/swc-android-arm64@npm:13.2.3"
  conditions: os=android & cpu=arm64
  languageName: node
  linkType: hard

"@next/swc-darwin-arm64@npm:13.2.3":
  version: 13.2.3
  resolution: "@next/swc-darwin-arm64@npm:13.2.3"
  conditions: os=darwin & cpu=arm64
  languageName: node
  linkType: hard

"@next/swc-darwin-x64@npm:13.2.3":
  version: 13.2.3
  resolution: "@next/swc-darwin-x64@npm:13.2.3"
  conditions: os=darwin & cpu=x64
  languageName: node
  linkType: hard

"@next/swc-freebsd-x64@npm:13.2.3":
  version: 13.2.3
  resolution: "@next/swc-freebsd-x64@npm:13.2.3"
  conditions: os=freebsd & cpu=x64
  languageName: node
  linkType: hard

"@next/swc-linux-arm-gnueabihf@npm:13.2.3":
  version: 13.2.3
  resolution: "@next/swc-linux-arm-gnueabihf@npm:13.2.3"
  conditions: os=linux & cpu=arm
  languageName: node
  linkType: hard

"@next/swc-linux-arm64-gnu@npm:13.2.3":
  version: 13.2.3
  resolution: "@next/swc-linux-arm64-gnu@npm:13.2.3"
  conditions: os=linux & cpu=arm64 & libc=glibc
  languageName: node
  linkType: hard

"@next/swc-linux-arm64-musl@npm:13.2.3":
  version: 13.2.3
  resolution: "@next/swc-linux-arm64-musl@npm:13.2.3"
  conditions: os=linux & cpu=arm64 & libc=musl
  languageName: node
  linkType: hard

"@next/swc-linux-x64-gnu@npm:13.2.3":
  version: 13.2.3
  resolution: "@next/swc-linux-x64-gnu@npm:13.2.3"
  conditions: os=linux & cpu=x64 & libc=glibc
  languageName: node
  linkType: hard

"@next/swc-linux-x64-musl@npm:13.2.3":
  version: 13.2.3
  resolution: "@next/swc-linux-x64-musl@npm:13.2.3"
  conditions: os=linux & cpu=x64 & libc=musl
  languageName: node
  linkType: hard

"@next/swc-win32-arm64-msvc@npm:13.2.3":
  version: 13.2.3
  resolution: "@next/swc-win32-arm64-msvc@npm:13.2.3"
  conditions: os=win32 & cpu=arm64
  languageName: node
  linkType: hard

"@next/swc-win32-ia32-msvc@npm:13.2.3":
  version: 13.2.3
  resolution: "@next/swc-win32-ia32-msvc@npm:13.2.3"
  conditions: os=win32 & cpu=ia32
  languageName: node
  linkType: hard

"@next/swc-win32-x64-msvc@npm:13.2.3":
  version: 13.2.3
  resolution: "@next/swc-win32-x64-msvc@npm:13.2.3"
  conditions: os=win32 & cpu=x64
  languageName: node
  linkType: hard

"@react-spring/animated@npm:~9.6.1":
  version: 9.6.1
  resolution: "@react-spring/animated@npm:9.6.1"
  dependencies:
    "@react-spring/shared": ~9.6.1
    "@react-spring/types": ~9.6.1
  peerDependencies:
    react: ^16.8.0 || ^17.0.0 || ^18.0.0
  checksum: fd8b3dbb1ad3195d510888bd7ea2e2790ea4505442b70b19b30c462c2b68f56c9d66febbb7e4fa32a21e31b03c423176f6257879be80b22c0286e56789547ee3
  languageName: node
  linkType: hard

"@react-spring/core@npm:~9.6.1":
  version: 9.6.1
  resolution: "@react-spring/core@npm:9.6.1"
  dependencies:
    "@react-spring/animated": ~9.6.1
    "@react-spring/rafz": ~9.6.1
    "@react-spring/shared": ~9.6.1
    "@react-spring/types": ~9.6.1
  peerDependencies:
    react: ^16.8.0 || ^17.0.0 || ^18.0.0
  checksum: 7e0aaec8a6f68b3f2399533947cdbf1b2c4f94a6b01eb1d577516af7385cd302d775f1f3f10b838581edd70773d314ba066dbce0b63169b4cf2fd7791acc3d13
  languageName: node
  linkType: hard

"@react-spring/rafz@npm:~9.6.1":
  version: 9.6.1
  resolution: "@react-spring/rafz@npm:9.6.1"
  checksum: 3c8967b01ad29d212244a572193b465087104064b043e6bb303e4498e165f73bb8ef20d46af7bcdd351dc3370fb190fcee76a31d80a8b2c09cf04ef976e34556
  languageName: node
  linkType: hard

"@react-spring/shared@npm:~9.6.1":
  version: 9.6.1
  resolution: "@react-spring/shared@npm:9.6.1"
  dependencies:
    "@react-spring/rafz": ~9.6.1
    "@react-spring/types": ~9.6.1
  peerDependencies:
    react: ^16.8.0 || ^17.0.0 || ^18.0.0
  checksum: 4e2c905a1804fe0402753ce50fc563faa87dec7b6dd348cc21800c213ce71d77db4e299cf1b9c47a8ee557220b62ee64ac934867c11881b1124b63f59eb4c9f3
  languageName: node
  linkType: hard

"@react-spring/three@npm:~9.6.1":
  version: 9.6.1
  resolution: "@react-spring/three@npm:9.6.1"
  dependencies:
    "@react-spring/animated": ~9.6.1
    "@react-spring/core": ~9.6.1
    "@react-spring/shared": ~9.6.1
    "@react-spring/types": ~9.6.1
  peerDependencies:
    "@react-three/fiber": ">=6.0"
    react: ^16.8.0 || ^17.0.0 || ^18.0.0
    three: ">=0.126"
  checksum: 7d53e6673efd4dc063a475bbbfbac687c717695ffff0d03d3f7e4d8adaa39ebe0455d099337871f281ab5f2bab872886f782cf269722deb907b0446388a818b4
  languageName: node
  linkType: hard

"@react-spring/types@npm:~9.6.1":
  version: 9.6.1
  resolution: "@react-spring/types@npm:9.6.1"
  checksum: 803dc6c2d67773ee1e5d00d2feac291dad32cf4ca6a790554d6133dd4cd39aeb89b3beea4cc67f91c2d2e4bdbd1a995540dc7fee117138e207a105d255d39c1c
  languageName: node
  linkType: hard

"@react-three/drei@npm:^9.57.1":
  version: 9.57.1
  resolution: "@react-three/drei@npm:9.57.1"
  dependencies:
    "@babel/runtime": ^7.11.2
    "@react-spring/three": ~9.6.1
    "@use-gesture/react": ^10.2.24
    camera-controls: ^2.1.0
    detect-gpu: ^5.0.10
    glsl-noise: ^0.0.0
    lodash.clamp: ^4.0.3
    lodash.omit: ^4.5.0
    lodash.pick: ^4.4.0
    maath: ^0.5.2
    meshline: ^3.1.6
    react-composer: ^5.0.3
    react-merge-refs: ^1.1.0
    stats.js: ^0.17.0
    suspend-react: ^0.0.8
    three-mesh-bvh: ^0.5.23
    three-stdlib: ^2.21.8
    troika-three-text: ^0.47.1
    utility-types: ^3.10.0
    zustand: ^3.5.13
  peerDependencies:
    "@react-three/fiber": ">=8.0"
    react: ">=18.0"
    react-dom: ">=18.0"
    three: ">=0.137"
  peerDependenciesMeta:
    react-dom:
      optional: true
  checksum: f1336a5734e22e94cb4d4b48b83e4213ba109d06483ab247c48d1e0bb214a65e9c6c3400e3e766910a2684dc8ce9a06c0e602f60e965645e68214df811e4662f
  languageName: node
  linkType: hard

"@react-three/fiber@npm:^8.11.10":
  version: 8.11.10
  resolution: "@react-three/fiber@npm:8.11.10"
  dependencies:
    "@babel/runtime": ^7.17.8
    "@types/react-reconciler": ^0.26.7
    its-fine: ^1.0.6
    react-reconciler: ^0.27.0
    react-use-measure: ^2.1.1
    scheduler: ^0.21.0
    suspend-react: ^0.0.8
    zustand: ^3.7.1
  peerDependencies:
    expo: ">=43.0"
    expo-asset: ">=8.4"
    expo-gl: ">=11.0"
    react: ">=18.0"
    react-dom: ">=18.0"
    react-native: ">=0.64"
    three: ">=0.133"
  peerDependenciesMeta:
    expo:
      optional: true
    expo-asset:
      optional: true
    expo-gl:
      optional: true
    react-dom:
      optional: true
    react-native:
      optional: true
  checksum: d72390d9b01320c8f231975f05f73dfd53d7a6f8dba28384c085e0067d73b22c3f963b7ec49176edbf8d5eb0a511a454db6b2e2b314712ccadbffc2caa11ec9d
  languageName: node
  linkType: hard

"@swc/helpers@npm:0.4.14":
  version: 0.4.14
  resolution: "@swc/helpers@npm:0.4.14"
  dependencies:
    tslib: ^2.4.0
  checksum: 273fd3f3fc461a92f3790cc551ea054745c6d6959afbe1232e6d7aa1c722bbc114d308aab96bef5c78fc0303c85c7b472ef00e2253251cc89737f3b1af56e5a5
  languageName: node
  linkType: hard

"@types/offscreencanvas@npm:^2019.6.4":
  version: 2019.7.0
  resolution: "@types/offscreencanvas@npm:2019.7.0"
  checksum: 018cfcd19e0c59c44d14ba61caaca7246f77fbb512839c7881654b7f2b6591dbdd5857362eccbf49f29cdc93724e71a4b37c8b6cf203388f9c04e913a53ea390
  languageName: node
  linkType: hard

"@types/prop-types@npm:*":
  version: 15.7.5
  resolution: "@types/prop-types@npm:15.7.5"
  checksum: 5b43b8b15415e1f298243165f1d44390403bb2bd42e662bca3b5b5633fdd39c938e91b7fce3a9483699db0f7a715d08cef220c121f723a634972fdf596aec980
  languageName: node
  linkType: hard

"@types/react-reconciler@npm:^0.26.7":
  version: 0.26.7
  resolution: "@types/react-reconciler@npm:0.26.7"
  dependencies:
    "@types/react": "*"
  checksum: 4122d2b08580f775d0aeae9bd10b68248f894096ed14c0ebbc143ef712e21b159e89d0c628bd95dd3329947fc1ee94a0cb1d2d32b32b1d5d225e70030e91e58f
  languageName: node
  linkType: hard

"@types/react-reconciler@npm:^0.28.0":
  version: 0.28.2
  resolution: "@types/react-reconciler@npm:0.28.2"
  dependencies:
    "@types/react": "*"
  checksum: 9720f76a334ce4f25205d5bb72303a04f458bb2981cb9bd7f9ed0c16513f6c6ab809099bb5f46dc13e443d4c54e3a77a6038316a127a4dc844db2273f287a669
  languageName: node
  linkType: hard

"@types/react@npm:*":
  version: 18.0.28
  resolution: "@types/react@npm:18.0.28"
  dependencies:
    "@types/prop-types": "*"
    "@types/scheduler": "*"
    csstype: ^3.0.2
  checksum: e752df961105e5127652460504785897ca6e77259e0da8f233f694f9e8f451cde7fa0709d4456ade0ff600c8ce909cfe29f9b08b9c247fa9b734e126ec53edd7
  languageName: node
  linkType: hard

"@types/scheduler@npm:*":
  version: 0.16.2
  resolution: "@types/scheduler@npm:0.16.2"
  checksum: b6b4dcfeae6deba2e06a70941860fb1435730576d3689225a421280b7742318d1548b3d22c1f66ab68e414f346a9542f29240bc955b6332c5b11e561077583bc
  languageName: node
  linkType: hard

"@types/three@npm:^0.149.0":
  version: 0.149.0
  resolution: "@types/three@npm:0.149.0"
  dependencies:
    "@types/webxr": "*"
  checksum: 5def82bd5d4fb0eb6046e747eecced06d68fbf1747ab8f3e7657872e42e58ce7a92218d7c5e4ca26204257927638ad14da5d1cce7310aca15eb8a9bd484ea191
  languageName: node
  linkType: hard

"@types/webxr@npm:*":
  version: 0.5.1
  resolution: "@types/webxr@npm:0.5.1"
  checksum: a77c6be72623679341526dbec18971db0824d5697626d56decc8bb5b73491582b64d094c168ae8d00861549122ca066d7dc45d9cbb5c608626be7f48a6cd7c43
  languageName: node
  linkType: hard

"@use-gesture/core@npm:10.2.24":
  version: 10.2.24
  resolution: "@use-gesture/core@npm:10.2.24"
  checksum: 92c2cedde03ca5a209f0f2abc120d834601bfa1631d61983ae6eede99bcf680ff229d006394f10dd3825f4da838c3cd0156f67a3b586ec031e52d3b3ec618bef
  languageName: node
  linkType: hard

"@use-gesture/react@npm:^10.2.24":
  version: 10.2.24
  resolution: "@use-gesture/react@npm:10.2.24"
  dependencies:
    "@use-gesture/core": 10.2.24
  peerDependencies:
    react: ">= 16.8.0"
  checksum: f8e651aa2e32f78af369b43366ae186aa8beb5b2684308da4262395663559a0eefb0124964db948d9636fe8fe5bfc870937f398dcb8f2cfe738a0c4a37d555c4
  languageName: node
  linkType: hard

"@webgpu/glslang@npm:^0.0.15":
  version: 0.0.15
  resolution: "@webgpu/glslang@npm:0.0.15"
  checksum: 0bb8c2e8e4533f95deeff09a24fa2551cdf984159f25cd8c3fc21e0e8ecfea54b88363bdcd04412f43669e199dcc8f6ea80a6a7ddd098005527567ec009d6881
  languageName: node
  linkType: hard

"attr-accept@npm:^2.2.2":
  version: 2.2.2
  resolution: "attr-accept@npm:2.2.2"
  checksum: 496f7249354ab53e522510c1dc8f67a1887382187adde4dc205507d2f014836a247073b05e9d9ea51e2e9c7f71b0d2aa21730af80efa9af2d68303e5f0565c4d
  languageName: node
  linkType: hard

"bidi-js@npm:^1.0.2":
  version: 1.0.2
  resolution: "bidi-js@npm:1.0.2"
  dependencies:
    require-from-string: ^2.0.2
  checksum: 1e33008ed4b248b0350cfed5aebbc8717489bc0d3bcee9f5f99b778d82d997df621adefe6f22fffe005dc3bd8c08445b0b17af7c5d8d1a4a25f15f7702d30e68
  languageName: node
  linkType: hard

"camera-controls@npm:^2.1.0":
  version: 2.3.1
  resolution: "camera-controls@npm:2.3.1"
  peerDependencies:
    three: ">=0.126.1"
  checksum: c8474d482baed52588aebb9e9bdebdb6d5beb7524efa3a596e3fead0ea8ed969d37b46002f81d51d53141a474b6a71c7e5faec276dc05e43013c23ac379f9575
  languageName: node
  linkType: hard

"caniuse-lite@npm:^1.0.30001406":
  version: 1.0.30001462
  resolution: "caniuse-lite@npm:1.0.30001462"
  checksum: e4a57d7851eec65e7c9b6c11c4bbcecdc49d87b1b01bff3c15ea27efb05f959891b4c70ac169842067c134d6fa126d9ad5a91d0f85c7387c5bd912eaf41ea647
  languageName: node
  linkType: hard

"chevrotain@npm:^10.1.2":
  version: 10.4.2
  resolution: "chevrotain@npm:10.4.2"
  dependencies:
    "@chevrotain/cst-dts-gen": 10.4.2
    "@chevrotain/gast": 10.4.2
    "@chevrotain/types": 10.4.2
    "@chevrotain/utils": 10.4.2
    lodash: 4.17.21
    regexp-to-ast: 0.5.0
  checksum: c23a28fd17ca631c7a2933812c7fd527b9bcc83c46b0dd663c3fa119e64be3f942a5759e3cd91864b9e25cf8669ac157ac5c40c14f6a6e0a6478c8de97c73299
  languageName: node
  linkType: hard

"client-only@npm:0.0.1":
  version: 0.0.1
  resolution: "client-only@npm:0.0.1"
  checksum: 0c16bf660dadb90610553c1d8946a7fdfb81d624adea073b8440b7d795d5b5b08beb3c950c6a2cf16279365a3265158a236876d92bce16423c485c322d7dfaf8
  languageName: node
  linkType: hard

"csstype@npm:^3.0.2":
  version: 3.1.1
  resolution: "csstype@npm:3.1.1"
  checksum: 1f7b4f5fdd955b7444b18ebdddf3f5c699159f13e9cf8ac9027ae4a60ae226aef9bbb14a6e12ca7dba3358b007cee6354b116e720262867c398de6c955ea451d
  languageName: node
  linkType: hard

"debounce@npm:^1.2.1":
  version: 1.2.1
  resolution: "debounce@npm:1.2.1"
  checksum: 682a89506d9e54fb109526f4da255c5546102fbb8e3ae75eef3b04effaf5d4853756aee97475cd4650641869794e44f410eeb20ace2b18ea592287ab2038519e
  languageName: node
  linkType: hard

"detect-gpu@npm:^5.0.10":
  version: 5.0.14
  resolution: "detect-gpu@npm:5.0.14"
  dependencies:
    webgl-constants: ^1.1.1
  checksum: f458585f61e55f5abec837c9ff742b9f25cb29af1c84decc0fa93c5c1c20335cbc3757506a7a727bff69fba106cce8ba395aca751a05536d533903f46eede860
  languageName: node
  linkType: hard

"draco3d@npm:^1.4.1":
  version: 1.5.6
  resolution: "draco3d@npm:1.5.6"
  checksum: ae1080c02c5bb95b3e4ce6bbd2b8c61a30e44ccc421648acdf5d261c3eb980210d7da2a562b2009bcf782d5193cbafc722e153ba8aafbaf30a072946007d2183
  languageName: node
  linkType: hard

"fflate@npm:^0.6.9":
  version: 0.6.10
  resolution: "fflate@npm:0.6.10"
  checksum: 96384bc4090987fe565c0de8204e3830f538144ec950576fea50aee1b42adbe9fc3ed5e7905dfa7979faaa20979def330dbebce548f3dcafc3e118cc9838526d
  languageName: node
  linkType: hard

"file-selector@npm:^0.6.0":
  version: 0.6.0
  resolution: "file-selector@npm:0.6.0"
  dependencies:
    tslib: ^2.4.0
  checksum: 7d051b6e5d793f3c6e2ab287ba5e7c2c6a0971bccc9d56e044c8047ba483e18f60fc0b5771c951dc707c0d15f4f36ccb4f1f1aaf385d21ec8f7700dadf8325ba
  languageName: node
  linkType: hard

"glsl-noise@npm:^0.0.0":
  version: 0.0.0
  resolution: "glsl-noise@npm:0.0.0"
  checksum: 07986663451963c90f8177f0a7d79a897ce27ad47841bfae6833647803ce7b8b65c8c18b8aecc576f1fc8e67ae6c8b5e5e1501b604cf3b1e9855c639e739e2c3
  languageName: node
  linkType: hard

"its-fine@npm:^1.0.6":
  version: 1.0.10
  resolution: "its-fine@npm:1.0.10"
  dependencies:
    "@types/react-reconciler": ^0.28.0
  peerDependencies:
    react: ">=18.0"
  checksum: 825e90d1dc0e601f188004fb4731f3d4b8093b0d33d50dfd115b740dda6517b8432b109407d75e08f528c04cc6a5763ee5e2ddc3f6d5e24aa15e75800702d69a
  languageName: node
  linkType: hard

"js-tokens@npm:^3.0.0 || ^4.0.0":
  version: 4.0.0
  resolution: "js-tokens@npm:4.0.0"
  checksum: 8a95213a5a77deb6cbe94d86340e8d9ace2b93bc367790b260101d2f36a2eaf4e4e22d9fa9cf459b38af3a32fb4190e638024cf82ec95ef708680e405ea7cc78
  languageName: node
  linkType: hard

"ktx-parse@npm:^0.4.5":
  version: 0.4.5
  resolution: "ktx-parse@npm:0.4.5"
  checksum: f82d8b5dfd0ede05d5e4a2d90ad5114c83d8f708431e3fce2c3e6e0a0e1fe1b1649cb6f3de35b429ef636ce9a92a3897295198e94b46bba24bc3268c6ae9cc42
  languageName: node
  linkType: hard

"lodash.clamp@npm:^4.0.3":
  version: 4.0.3
  resolution: "lodash.clamp@npm:4.0.3"
  checksum: 02baa03ebb96f2ce8d9cec28b21fa3ed808c32f3b8fe54e2f990f1177779b13dcda69232db72d7285763e14a0ee64666a82a2047558eaba7198580173756c888
  languageName: node
  linkType: hard

"lodash.omit@npm:^4.5.0":
  version: 4.5.0
  resolution: "lodash.omit@npm:4.5.0"
  checksum: 434645e49fe84ab315719bd5a9a3a585a0f624aa4160bc09157dd041a414bcc287c15840365c1379476a3f3eda41fbe838976c3f7bdecbbf4c5478e86c471a30
  languageName: node
  linkType: hard

"lodash.pick@npm:^4.4.0":
  version: 4.4.0
  resolution: "lodash.pick@npm:4.4.0"
  checksum: 2c36cab7da6b999a20bd3373b40e31a3ef81fa264f34a6979c852c5bc8ac039379686b27380f0cb8e3781610844fafec6949c6fbbebc059c98f8fa8570e3675f
  languageName: node
  linkType: hard

"lodash@npm:4.17.21":
  version: 4.17.21
  resolution: "lodash@npm:4.17.21"
  checksum: eb835a2e51d381e561e508ce932ea50a8e5a68f4ebdd771ea240d3048244a8d13658acbd502cd4829768c56f2e16bdd4340b9ea141297d472517b83868e677f7
  languageName: node
  linkType: hard

"loose-envify@npm:^1.1.0, loose-envify@npm:^1.4.0":
  version: 1.4.0
  resolution: "loose-envify@npm:1.4.0"
  dependencies:
    js-tokens: ^3.0.0 || ^4.0.0
  bin:
    loose-envify: cli.js
  checksum: 6517e24e0cad87ec9888f500c5b5947032cdfe6ef65e1c1936a0c48a524b81e65542c9c3edc91c97d5bddc806ee2a985dbc79be89215d613b1de5db6d1cfe6f4
  languageName: node
  linkType: hard

"maath@npm:^0.5.2":
  version: 0.5.2
  resolution: "maath@npm:0.5.2"
  peerDependencies:
    "@types/three": ">=0.144.0"
    three: ">=0.144.0"
  checksum: 1e6f8f96980271bdd48fc662eef496030feed935272c27deb2e7386b18919a7d710ba96a134a063fc141944ab9af3b2c78e1aa95cbcedf2fc6d82b8a72b185de
  languageName: node
  linkType: hard

"meshline@npm:^3.1.6":
  version: 3.1.6
  resolution: "meshline@npm:3.1.6"
  peerDependencies:
    three: ">=0.137"
  checksum: 72b79908315650a57b5c97b846191ab73d1ee1551211154283a951eac7b08f9129adb6ce1b84d887b30b47617a52ff0878f9695037491c4d8350712c6655489a
  languageName: node
  linkType: hard

"mmd-parser@npm:^1.0.4":
  version: 1.0.4
  resolution: "mmd-parser@npm:1.0.4"
  checksum: 892cc317598440c43919250ec95aec26349db977e64bbe37d0fa8d6a8076e190105e5e687221225dd9afa8937d9d2d06ddab77586c2bc4781cb6855a2938d95b
  languageName: node
  linkType: hard

"model-preview@workspace:.":
  version: 0.0.0-use.local
  resolution: "model-preview@workspace:."
  dependencies:
    "@react-three/drei": ^9.57.1
    "@react-three/fiber": ^8.11.10
    "@types/three": ^0.149.0
    next: ^13.2.3
    react: ^18.2.0
    react-dom: ^18.2.0
    react-dropzone: ^14.2.3
    three: ^0.150.1
  languageName: unknown
  linkType: soft

"nanoid@npm:^3.3.4":
  version: 3.3.4
  resolution: "nanoid@npm:3.3.4"
  bin:
    nanoid: bin/nanoid.cjs
  checksum: 2fddd6dee994b7676f008d3ffa4ab16035a754f4bb586c61df5a22cf8c8c94017aadd360368f47d653829e0569a92b129979152ff97af23a558331e47e37cd9c
  languageName: node
  linkType: hard

"next@npm:^13.2.3":
  version: 13.2.3
  resolution: "next@npm:13.2.3"
  dependencies:
    "@next/env": 13.2.3
    "@next/swc-android-arm-eabi": 13.2.3
    "@next/swc-android-arm64": 13.2.3
    "@next/swc-darwin-arm64": 13.2.3
    "@next/swc-darwin-x64": 13.2.3
    "@next/swc-freebsd-x64": 13.2.3
    "@next/swc-linux-arm-gnueabihf": 13.2.3
    "@next/swc-linux-arm64-gnu": 13.2.3
    "@next/swc-linux-arm64-musl": 13.2.3
    "@next/swc-linux-x64-gnu": 13.2.3
    "@next/swc-linux-x64-musl": 13.2.3
    "@next/swc-win32-arm64-msvc": 13.2.3
    "@next/swc-win32-ia32-msvc": 13.2.3
    "@next/swc-win32-x64-msvc": 13.2.3
    "@swc/helpers": 0.4.14
    caniuse-lite: ^1.0.30001406
    postcss: 8.4.14
    styled-jsx: 5.1.1
  peerDependencies:
    "@opentelemetry/api": ^1.4.0
    fibers: ">= 3.1.0"
    node-sass: ^6.0.0 || ^7.0.0
    react: ^18.2.0
    react-dom: ^18.2.0
    sass: ^1.3.0
  dependenciesMeta:
    "@next/swc-android-arm-eabi":
      optional: true
    "@next/swc-android-arm64":
      optional: true
    "@next/swc-darwin-arm64":
      optional: true
    "@next/swc-darwin-x64":
      optional: true
    "@next/swc-freebsd-x64":
      optional: true
    "@next/swc-linux-arm-gnueabihf":
      optional: true
    "@next/swc-linux-arm64-gnu":
      optional: true
    "@next/swc-linux-arm64-musl":
      optional: true
    "@next/swc-linux-x64-gnu":
      optional: true
    "@next/swc-linux-x64-musl":
      optional: true
    "@next/swc-win32-arm64-msvc":
      optional: true
    "@next/swc-win32-ia32-msvc":
      optional: true
    "@next/swc-win32-x64-msvc":
      optional: true
  peerDependenciesMeta:
    "@opentelemetry/api":
      optional: true
    fibers:
      optional: true
    node-sass:
      optional: true
    sass:
      optional: true
  bin:
    next: dist/bin/next
  checksum: 5147078cebf6156acd1dc54208b02852d23c50fe9fae9de444d9982090b63ac1975284d6e8d1647b78c98508c6d4be90a2debc3a12e383db423188724d38e6a9
  languageName: node
  linkType: hard

"object-assign@npm:^4.1.1":
  version: 4.1.1
  resolution: "object-assign@npm:4.1.1"
  checksum: fcc6e4ea8c7fe48abfbb552578b1c53e0d194086e2e6bbbf59e0a536381a292f39943c6e9628af05b5528aa5e3318bb30d6b2e53cadaf5b8fe9e12c4b69af23f
  languageName: node
  linkType: hard

"opentype.js@npm:^1.3.3":
  version: 1.3.4
  resolution: "opentype.js@npm:1.3.4"
  dependencies:
    string.prototype.codepointat: ^0.2.1
    tiny-inflate: ^1.0.3
  bin:
    ot: bin/ot
  checksum: 365af0f9a8bd87b772c794502a9e53a6d286faf2bafda51f3016acab21bd6202a0d6a1260d7b71f1d6ad8076ccedfe84f76bd6aabb14704ce42ac9a9f96bae21
  languageName: node
  linkType: hard

"picocolors@npm:^1.0.0":
  version: 1.0.0
  resolution: "picocolors@npm:1.0.0"
  checksum: a2e8092dd86c8396bdba9f2b5481032848525b3dc295ce9b57896f931e63fc16f79805144321f72976383fc249584672a75cc18d6777c6b757603f372f745981
  languageName: node
  linkType: hard

"postcss@npm:8.4.14":
  version: 8.4.14
  resolution: "postcss@npm:8.4.14"
  dependencies:
    nanoid: ^3.3.4
    picocolors: ^1.0.0
    source-map-js: ^1.0.2
  checksum: fe58766ff32e4becf65a7d57678995cfd239df6deed2fe0557f038b47c94e4132e7e5f68b5aa820c13adfec32e523b693efaeb65798efb995ce49ccd83953816
  languageName: node
  linkType: hard

"potpack@npm:^1.0.1":
  version: 1.0.2
  resolution: "potpack@npm:1.0.2"
  checksum: 9dfdbbce012ce80842249abcdd89e20222eb8ae96beba8d578b7e41e78feefc7e33b5c72d46fb8dd3a1e382cb4da9c34574764d88aa8849ab36f542fd2088b42
  languageName: node
  linkType: hard

"prop-types@npm:^15.6.0, prop-types@npm:^15.8.1":
  version: 15.8.1
  resolution: "prop-types@npm:15.8.1"
  dependencies:
    loose-envify: ^1.4.0
    object-assign: ^4.1.1
    react-is: ^16.13.1
  checksum: c056d3f1c057cb7ff8344c645450e14f088a915d078dcda795041765047fa080d38e5d626560ccaac94a4e16e3aa15f3557c1a9a8d1174530955e992c675e459
  languageName: node
  linkType: hard

"react-composer@npm:^5.0.3":
  version: 5.0.3
  resolution: "react-composer@npm:5.0.3"
  dependencies:
    prop-types: ^15.6.0
  peerDependencies:
    react: ^15.0.0 || ^16.0.0 || ^17.0.0 || ^18.0.0
  checksum: ef7c52dc61588233ec7f70b3bae8a2325562e2eff3648e7bc6962162568c36d7e27f165d4639f8bfa18fadb09585577858e35273ce0039ac02e87c9debfd268e
  languageName: node
  linkType: hard

"react-dom@npm:^18.2.0":
  version: 18.2.0
  resolution: "react-dom@npm:18.2.0"
  dependencies:
    loose-envify: ^1.1.0
    scheduler: ^0.23.0
  peerDependencies:
    react: ^18.2.0
  checksum: 7d323310bea3a91be2965f9468d552f201b1c27891e45ddc2d6b8f717680c95a75ae0bc1e3f5cf41472446a2589a75aed4483aee8169287909fcd59ad149e8cc
  languageName: node
  linkType: hard

"react-dropzone@npm:^14.2.3":
  version: 14.2.3
  resolution: "react-dropzone@npm:14.2.3"
  dependencies:
    attr-accept: ^2.2.2
    file-selector: ^0.6.0
    prop-types: ^15.8.1
  peerDependencies:
    react: ">= 16.8 || 18.0.0"
  checksum: 174b744d5ca898cf3d84ec1aeb6cef5211c446697e45dc8ece8287a03d291f8d07253206d5a1247ef156fd385d65e7de666d4d5c2986020b8543b8f2434e8b40
  languageName: node
  linkType: hard

"react-is@npm:^16.13.1":
  version: 16.13.1
  resolution: "react-is@npm:16.13.1"
  checksum: f7a19ac3496de32ca9ae12aa030f00f14a3d45374f1ceca0af707c831b2a6098ef0d6bdae51bd437b0a306d7f01d4677fcc8de7c0d331eb47ad0f46130e53c5f
  languageName: node
  linkType: hard

"react-merge-refs@npm:^1.1.0":
  version: 1.1.0
  resolution: "react-merge-refs@npm:1.1.0"
  checksum: 90884352999002d868ab9f1bcfe3222fb0f2178ed629f1da7e98e5a9b02a2c96b4aa72800db92aabd69d2483211b4be57a2088e89a11a0b660e7ada744d4ddf7
  languageName: node
  linkType: hard

"react-reconciler@npm:^0.27.0":
  version: 0.27.0
  resolution: "react-reconciler@npm:0.27.0"
  dependencies:
    loose-envify: ^1.1.0
    scheduler: ^0.21.0
  peerDependencies:
    react: ^18.0.0
  checksum: c2ae111f150c2a46970182df12ea8254719fdfec5e26574711b1838fc37863c63671460a351570fd359c088d891e7bb0ff89023c2f7c1582393b57dd517b92c2
  languageName: node
  linkType: hard

"react-use-measure@npm:^2.1.1":
  version: 2.1.1
  resolution: "react-use-measure@npm:2.1.1"
  dependencies:
    debounce: ^1.2.1
  peerDependencies:
    react: ">=16.13"
    react-dom: ">=16.13"
  checksum: b8e8939229d463c3c505f7b617925c0228efae0cd6f651371f463846417b06c9170be57df51293a61027c41770f8a090fdb8a08717c4e36290ccb496e0318f1f
  languageName: node
  linkType: hard

"react@npm:^18.2.0":
  version: 18.2.0
  resolution: "react@npm:18.2.0"
  dependencies:
    loose-envify: ^1.1.0
  checksum: 88e38092da8839b830cda6feef2e8505dec8ace60579e46aa5490fc3dc9bba0bd50336507dc166f43e3afc1c42939c09fe33b25fae889d6f402721dcd78fca1b
  languageName: node
  linkType: hard

"regenerator-runtime@npm:^0.13.11":
  version: 0.13.11
  resolution: "regenerator-runtime@npm:0.13.11"
  checksum: 27481628d22a1c4e3ff551096a683b424242a216fee44685467307f14d58020af1e19660bf2e26064de946bad7eff28950eae9f8209d55723e2d9351e632bbb4
  languageName: node
  linkType: hard

"regexp-to-ast@npm:0.5.0":
  version: 0.5.0
  resolution: "regexp-to-ast@npm:0.5.0"
  checksum: 72e32f2a1217bb22398ac30867ddd43e16943b6b569dd4eb472de47494c7a39e34f47ee3e92ad4cbf92308f98997da366fe094a0e58eb6b93eab0ee956fff86d
  languageName: node
  linkType: hard

"require-from-string@npm:^2.0.2":
  version: 2.0.2
  resolution: "require-from-string@npm:2.0.2"
  checksum: a03ef6895445f33a4015300c426699bc66b2b044ba7b670aa238610381b56d3f07c686251740d575e22f4c87531ba662d06937508f0f3c0f1ddc04db3130560b
  languageName: node
  linkType: hard

"scheduler@npm:^0.21.0":
  version: 0.21.0
  resolution: "scheduler@npm:0.21.0"
  dependencies:
    loose-envify: ^1.1.0
  checksum: 4f8285076041ed2c81acdd1faa987f1655fdbd30554bc667c1ea64743fc74fb3a04ca7d27454b3d678735df5a230137a3b84756061b43dc5796e80701b66d124
  languageName: node
  linkType: hard

"scheduler@npm:^0.23.0":
  version: 0.23.0
  resolution: "scheduler@npm:0.23.0"
  dependencies:
    loose-envify: ^1.1.0
  checksum: d79192eeaa12abef860c195ea45d37cbf2bbf5f66e3c4dcd16f54a7da53b17788a70d109ee3d3dde1a0fd50e6a8fc171f4300356c5aee4fc0171de526bf35f8a
  languageName: node
  linkType: hard

"source-map-js@npm:^1.0.2":
  version: 1.0.2
  resolution: "source-map-js@npm:1.0.2"
  checksum: c049a7fc4deb9a7e9b481ae3d424cc793cb4845daa690bc5a05d428bf41bf231ced49b4cf0c9e77f9d42fdb3d20d6187619fc586605f5eabe995a316da8d377c
  languageName: node
  linkType: hard

"stats.js@npm:^0.17.0":
  version: 0.17.0
  resolution: "stats.js@npm:0.17.0"
  checksum: 62d55d9e28e701f5638eac312ab45f66da8cc14b43d4eba4d3ab5a26f444a91d3e0dd1f52e8fc182b03cae955dae4af471d54f1975525cc1e47dfa89a54a47c6
  languageName: node
  linkType: hard

"string.prototype.codepointat@npm:^0.2.1":
  version: 0.2.1
  resolution: "string.prototype.codepointat@npm:0.2.1"
  checksum: bafa15844d7ea5bed24a01fa8954327c0c49226cefe68ab70573f1338f6a4680587db962724924f2cceb91abe408e11bd38c80095f25ee080f136a6c9d300f00
  languageName: node
  linkType: hard

"styled-jsx@npm:5.1.1":
  version: 5.1.1
  resolution: "styled-jsx@npm:5.1.1"
  dependencies:
    client-only: 0.0.1
  peerDependencies:
    react: ">= 16.8.0 || 17.x.x || ^18.0.0-0"
  peerDependenciesMeta:
    "@babel/core":
      optional: true
    babel-plugin-macros:
      optional: true
  checksum: 523a33b38603492547e861b98e29c873939b04e15fbe5ef16132c6f1e15958126647983c7d4675325038b428a5e91183d996e90141b18bdd1bbadf6e2c45b2fa
  languageName: node
  linkType: hard

"suspend-react@npm:^0.0.8":
  version: 0.0.8
  resolution: "suspend-react@npm:0.0.8"
  peerDependencies:
    react: ">=17.0"
  checksum: 173a56c8df8f401098697b640567f80d756849bbee02928a5283f25b94e9aef74fa58c48c974a073e3a57f6f5c0d51dcf19f410bfe0a81cc70c232d759f25c93
  languageName: node
  linkType: hard

"three-mesh-bvh@npm:^0.5.23":
  version: 0.5.23
  resolution: "three-mesh-bvh@npm:0.5.23"
  peerDependencies:
    three: ">= 0.123.0"
  checksum: 40f582140994c6d8e7ec0d8ab990215483b08c7245963b778e6c2389c7a8f7b6287dbecb071f8a5351b2c91b7e31aae717b0dfcd6aace0c6b6d67d09927218f4
  languageName: node
  linkType: hard

"three-stdlib@npm:^2.21.8":
  version: 2.21.8
  resolution: "three-stdlib@npm:2.21.8"
  dependencies:
    "@babel/runtime": ^7.16.7
    "@types/offscreencanvas": ^2019.6.4
    "@webgpu/glslang": ^0.0.15
    chevrotain: ^10.1.2
    draco3d: ^1.4.1
    fflate: ^0.6.9
    ktx-parse: ^0.4.5
    mmd-parser: ^1.0.4
    opentype.js: ^1.3.3
    potpack: ^1.0.1
    zstddec: ^0.0.2
  peerDependencies:
    three: ">=0.122.0"
  checksum: b83d1d72ce0249a69bdd11f005f06cd09a07e497867f5c539ea73cf941450cdccc11186f23f44278d2ac516244b3943d1f0e89e8406965d0bfb8427961c8133a
  languageName: node
  linkType: hard

"three@npm:^0.150.1":
  version: 0.150.1
  resolution: "three@npm:0.150.1"
  checksum: b12a92a681a30e62640d90bdf074d039c05d8294ad40f437e7e1807ce0e698ad6728878a1e72dad22bf05d7a359843ecea8739d05f2f13143bc3a4ecdfdbdd7b
  languageName: node
  linkType: hard

"tiny-inflate@npm:^1.0.3":
  version: 1.0.3
  resolution: "tiny-inflate@npm:1.0.3"
  checksum: 4086a1f8938dafa4a20c63b099aeb47bf8fef5aca991bf4ea4b35dd2684fa52363b2c19b3e76660311e7613cb7c4f063bc48751b9bdf9555e498d997c30bc2d6
  languageName: node
  linkType: hard

"troika-three-text@npm:^0.47.1":
  version: 0.47.1
  resolution: "troika-three-text@npm:0.47.1"
  dependencies:
    bidi-js: ^1.0.2
    troika-three-utils: ^0.47.0
    troika-worker-utils: ^0.47.0
    webgl-sdf-generator: 1.1.1
  peerDependencies:
    three: ">=0.125.0"
  checksum: 854d74e1f53898a22d34788f29efea59d253037b6dd4c518b46c60ebb42960ce026d8ced5dde8a04143e963afbe92cdd55123fb9d9c2d1e555d1f9c31cdbe21f
  languageName: node
  linkType: hard

"troika-three-utils@npm:^0.47.0":
  version: 0.47.0
  resolution: "troika-three-utils@npm:0.47.0"
  peerDependencies:
    three: ">=0.125.0"
  checksum: 2541865d957317c9ceaf386025776ad431ad58ad4bea80782a4607f712f1ad13fe727cc83ac0e6063e9dedc2a7c2dfea8ca385fcdd5b8562bf777a6f87ed75f1
  languageName: node
  linkType: hard

"troika-worker-utils@npm:^0.47.0":
  version: 0.47.0
  resolution: "troika-worker-utils@npm:0.47.0"
  checksum: 9fa14a58feba121a80576131eafdfe02c095e2695c071250b6517ea4e40c4f0600be2a9f41da34fb24f6870091f528124d6e47f948c85fdf585dc97f4245d720
  languageName: node
  linkType: hard

"tslib@npm:^2.4.0":
  version: 2.5.0
  resolution: "tslib@npm:2.5.0"
  checksum: ae3ed5f9ce29932d049908ebfdf21b3a003a85653a9a140d614da6b767a93ef94f460e52c3d787f0e4f383546981713f165037dc2274df212ea9f8a4541004e1
  languageName: node
  linkType: hard

"utility-types@npm:^3.10.0":
  version: 3.10.0
  resolution: "utility-types@npm:3.10.0"
  checksum: 8f274415c6196ab62883b8bd98c9d2f8829b58016e4269aaa1ebd84184ac5dda7dc2ca45800c0d5e0e0650966ba063bf9a412aaeaea6850ca4440a391283d5c8
  languageName: node
  linkType: hard

"webgl-constants@npm:^1.1.1":
  version: 1.1.1
  resolution: "webgl-constants@npm:1.1.1"
  checksum: b40091528a1c30ff9b2413f97a67b98be720f76629fe105f05e955f33ed440d441dd69de4d7cf46d27ca9d74bcc6218809ae9a2a90557aa5963e78d11c1b39a5
  languageName: node
  linkType: hard

"webgl-sdf-generator@npm:1.1.1":
  version: 1.1.1
  resolution: "webgl-sdf-generator@npm:1.1.1"
  checksum: babf69e99ca22e8ff387bbe50a10519969ea8030d302d5ddf509ff15355e2981edf72edfcc1b29fed78fa73a79a2458c391b1ba7c9ada63ac5be665880ec5de0
  languageName: node
  linkType: hard

"zstddec@npm:^0.0.2":
  version: 0.0.2
  resolution: "zstddec@npm:0.0.2"
  checksum: 107334442a34590173cda03614006337712658fd043fa79f72bd486de527e2a16da474d7b20d4a171f086b334c2ad8a72afb634776d79bc2c36aee065babe31b
  languageName: node
  linkType: hard

"zustand@npm:^3.5.13, zustand@npm:^3.7.1":
  version: 3.7.2
  resolution: "zustand@npm:3.7.2"
  peerDependencies:
    react: ">=16.8"
  peerDependenciesMeta:
    react:
      optional: true
  checksum: 18f025b1b666a311121d3855303ff58e6a21fd107920ca474307e86984c13338d6c4cfa5cdf13382a9e0f76821f2554a12d4d200a98a66b58637e729f149797b
  languageName: node
  linkType: hard
